// !$*UTF8*$!
{
	archiveVersion = 1;
	classes = {
	};
	objectVersion = 50;
	objects = {

/* Begin PBXBuildFile section */
		3B9732E922992E7600E6FECE /* AppDelegate.swift in Sources */ = {isa = PBXBuildFile; fileRef = 3B9732E822992E7600E6FECE /* AppDelegate.swift */; };
		3B9732EB22992E7600E6FECE /* ViewController.swift in Sources */ = {isa = PBXBuildFile; fileRef = 3B9732EA22992E7600E6FECE /* ViewController.swift */; };
		3B9732EE22992E7600E6FECE /* Main.storyboard in Resources */ = {isa = PBXBuildFile; fileRef = 3B9732EC22992E7600E6FECE /* Main.storyboard */; };
		3B9732F022992E7700E6FECE /* Assets.xcassets in Resources */ = {isa = PBXBuildFile; fileRef = 3B9732EF22992E7700E6FECE /* Assets.xcassets */; };
		3B9732F322992E7700E6FECE /* LaunchScreen.storyboard in Resources */ = {isa = PBXBuildFile; fileRef = 3B9732F122992E7700E6FECE /* LaunchScreen.storyboard */; };
		3B9732FE22992E7800E6FECE /* demo_appTests.swift in Sources */ = {isa = PBXBuildFile; fileRef = 3B9732FD22992E7800E6FECE /* demo_appTests.swift */; };
		3B97330922992E7800E6FECE /* demo_appUITests.swift in Sources */ = {isa = PBXBuildFile; fileRef = 3B97330822992E7800E6FECE /* demo_appUITests.swift */; };
/* End PBXBuildFile section */

/* Begin PBXContainerItemProxy section */
		3B9732FA22992E7800E6FECE /* PBXContainerItemProxy */ = {
			isa = PBXContainerItemProxy;
			containerPortal = 3B9732DD22992E7600E6FECE /* Project object */;
			proxyType = 1;
			remoteGlobalIDString = 3B9732E422992E7600E6FECE;
			remoteInfo = "demo app";
		};
		3B97330522992E7800E6FECE /* PBXContainerItemProxy */ = {
			isa = PBXContainerItemProxy;
			containerPortal = 3B9732DD22992E7600E6FECE /* Project object */;
			proxyType = 1;
			remoteGlobalIDString = 3B9732E422992E7600E6FECE;
			remoteInfo = "demo app";
		};
/* End PBXContainerItemProxy section */

/* Begin PBXFileReference section */
		3B6D272F22AA5635003477BA /* demo app.entitlements */ = {isa = PBXFileReference; lastKnownFileType = text.plist.entitlements; path = "demo app.entitlements"; sourceTree = "<group>"; };
		3B9732E522992E7600E6FECE /* demo app.app */ = {isa = PBXFileReference; explicitFileType = wrapper.application; includeInIndex = 0; path = "demo app.app"; sourceTree = BUILT_PRODUCTS_DIR; };
		3B9732E822992E7600E6FECE /* AppDelegate.swift */ = {isa = PBXFileReference; lastKnownFileType = sourcecode.swift; path = AppDelegate.swift; sourceTree = "<group>"; };
		3B9732EA22992E7600E6FECE /* ViewController.swift */ = {isa = PBXFileReference; lastKnownFileType = sourcecode.swift; path = ViewController.swift; sourceTree = "<group>"; };
		3B9732ED22992E7600E6FECE /* Base */ = {isa = PBXFileReference; lastKnownFileType = file.storyboard; name = Base; path = Base.lproj/Main.storyboard; sourceTree = "<group>"; };
		3B9732EF22992E7700E6FECE /* Assets.xcassets */ = {isa = PBXFileReference; lastKnownFileType = folder.assetcatalog; path = Assets.xcassets; sourceTree = "<group>"; };
		3B9732F222992E7700E6FECE /* Base */ = {isa = PBXFileReference; lastKnownFileType = file.storyboard; name = Base; path = Base.lproj/LaunchScreen.storyboard; sourceTree = "<group>"; };
		3B9732F422992E7700E6FECE /* Info.plist */ = {isa = PBXFileReference; lastKnownFileType = text.plist.xml; path = Info.plist; sourceTree = "<group>"; };
		3B9732F922992E7800E6FECE /* demo appTests.xctest */ = {isa = PBXFileReference; explicitFileType = wrapper.cfbundle; includeInIndex = 0; path = "demo appTests.xctest"; sourceTree = BUILT_PRODUCTS_DIR; };
		3B9732FD22992E7800E6FECE /* demo_appTests.swift */ = {isa = PBXFileReference; lastKnownFileType = sourcecode.swift; path = demo_appTests.swift; sourceTree = "<group>"; };
		3B9732FF22992E7800E6FECE /* Info.plist */ = {isa = PBXFileReference; lastKnownFileType = text.plist.xml; path = Info.plist; sourceTree = "<group>"; };
		3B97330422992E7800E6FECE /* demo appUITests.xctest */ = {isa = PBXFileReference; explicitFileType = wrapper.cfbundle; includeInIndex = 0; path = "demo appUITests.xctest"; sourceTree = BUILT_PRODUCTS_DIR; };
		3B97330822992E7800E6FECE /* demo_appUITests.swift */ = {isa = PBXFileReference; lastKnownFileType = sourcecode.swift; path = demo_appUITests.swift; sourceTree = "<group>"; };
		3B97330A22992E7800E6FECE /* Info.plist */ = {isa = PBXFileReference; lastKnownFileType = text.plist.xml; path = Info.plist; sourceTree = "<group>"; };
/* End PBXFileReference section */

/* Begin PBXFrameworksBuildPhase section */
		3B9732E222992E7600E6FECE /* Frameworks */ = {
			isa = PBXFrameworksBuildPhase;
			buildActionMask = 2147483647;
			files = (
			);
			runOnlyForDeploymentPostprocessing = 0;
		};
		3B9732F622992E7800E6FECE /* Frameworks */ = {
			isa = PBXFrameworksBuildPhase;
			buildActionMask = 2147483647;
			files = (
			);
			runOnlyForDeploymentPostprocessing = 0;
		};
		3B97330122992E7800E6FECE /* Frameworks */ = {
			isa = PBXFrameworksBuildPhase;
			buildActionMask = 2147483647;
			files = (
			);
			runOnlyForDeploymentPostprocessing = 0;
		};
/* End PBXFrameworksBuildPhase section */

/* Begin PBXGroup section */
		3B9732DC22992E7600E6FECE = {
			isa = PBXGroup;
			children = (
				3B9732E722992E7600E6FECE /* demo app */,
				3B9732FC22992E7800E6FECE /* demo appTests */,
				3B97330722992E7800E6FECE /* demo appUITests */,
				3B9732E622992E7600E6FECE /* Products */,
			);
			sourceTree = "<group>";
		};
		3B9732E622992E7600E6FECE /* Products */ = {
			isa = PBXGroup;
			children = (
				3B9732E522992E7600E6FECE /* demo app.app */,
				3B9732F922992E7800E6FECE /* demo appTests.xctest */,
				3B97330422992E7800E6FECE /* demo appUITests.xctest */,
			);
			name = Products;
			sourceTree = "<group>";
		};
		3B9732E722992E7600E6FECE /* demo app */ = {
			isa = PBXGroup;
			children = (
				3B6D272F22AA5635003477BA /* demo app.entitlements */,
				3B9732E822992E7600E6FECE /* AppDelegate.swift */,
				3B9732EA22992E7600E6FECE /* ViewController.swift */,
				3B9732EC22992E7600E6FECE /* Main.storyboard */,
				3B9732EF22992E7700E6FECE /* Assets.xcassets */,
				3B9732F122992E7700E6FECE /* LaunchScreen.storyboard */,
				3B9732F422992E7700E6FECE /* Info.plist */,
			);
			path = "demo app";
			sourceTree = "<group>";
		};
		3B9732FC22992E7800E6FECE /* demo appTests */ = {
			isa = PBXGroup;
			children = (
				3B9732FD22992E7800E6FECE /* demo_appTests.swift */,
				3B9732FF22992E7800E6FECE /* Info.plist */,
			);
			path = "demo appTests";
			sourceTree = "<group>";
		};
		3B97330722992E7800E6FECE /* demo appUITests */ = {
			isa = PBXGroup;
			children = (
				3B97330822992E7800E6FECE /* demo_appUITests.swift */,
				3B97330A22992E7800E6FECE /* Info.plist */,
			);
			path = "demo appUITests";
			sourceTree = "<group>";
		};
/* End PBXGroup section */

/* Begin PBXNativeTarget section */
		3B9732E422992E7600E6FECE /* demo app */ = {
			isa = PBXNativeTarget;
			buildConfigurationList = 3B97330D22992E7800E6FECE /* Build configuration list for PBXNativeTarget "demo app" */;
			buildPhases = (
				3B9732E122992E7600E6FECE /* Sources */,
				3B9732E222992E7600E6FECE /* Frameworks */,
				3B9732E322992E7600E6FECE /* Resources */,
			);
			buildRules = (
			);
			dependencies = (
			);
			name = "demo app";
			productName = "demo app";
			productReference = 3B9732E522992E7600E6FECE /* demo app.app */;
			productType = "com.apple.product-type.application";
		};
		3B9732F822992E7800E6FECE /* demo appTests */ = {
			isa = PBXNativeTarget;
			buildConfigurationList = 3B97331022992E7800E6FECE /* Build configuration list for PBXNativeTarget "demo appTests" */;
			buildPhases = (
				3B9732F522992E7800E6FECE /* Sources */,
				3B9732F622992E7800E6FECE /* Frameworks */,
				3B9732F722992E7800E6FECE /* Resources */,
			);
			buildRules = (
			);
			dependencies = (
				3B9732FB22992E7800E6FECE /* PBXTargetDependency */,
			);
			name = "demo appTests";
			productName = "demo appTests";
			productReference = 3B9732F922992E7800E6FECE /* demo appTests.xctest */;
			productType = "com.apple.product-type.bundle.unit-test";
		};
		3B97330322992E7800E6FECE /* demo appUITests */ = {
			isa = PBXNativeTarget;
			buildConfigurationList = 3B97331322992E7800E6FECE /* Build configuration list for PBXNativeTarget "demo appUITests" */;
			buildPhases = (
				3B97330022992E7800E6FECE /* Sources */,
				3B97330122992E7800E6FECE /* Frameworks */,
				3B97330222992E7800E6FECE /* Resources */,
			);
			buildRules = (
			);
			dependencies = (
				3B97330622992E7800E6FECE /* PBXTargetDependency */,
			);
			name = "demo appUITests";
			productName = "demo appUITests";
			productReference = 3B97330422992E7800E6FECE /* demo appUITests.xctest */;
			productType = "com.apple.product-type.bundle.ui-testing";
		};
/* End PBXNativeTarget section */

/* Begin PBXProject section */
		3B9732DD22992E7600E6FECE /* Project object */ = {
			isa = PBXProject;
			attributes = {
				LastSwiftUpdateCheck = 1020;
				LastUpgradeCheck = 1020;
				ORGANIZATIONNAME = "Jahnavi Gupta";
				TargetAttributes = {
					3B9732E422992E7600E6FECE = {
						CreatedOnToolsVersion = 10.2.1;
						SystemCapabilities = {
							com.apple.Keychain = {
								enabled = 1;
							};
						};
					};
					3B9732F822992E7800E6FECE = {
						CreatedOnToolsVersion = 10.2.1;
						TestTargetID = 3B9732E422992E7600E6FECE;
					};
					3B97330322992E7800E6FECE = {
						CreatedOnToolsVersion = 10.2.1;
						TestTargetID = 3B9732E422992E7600E6FECE;
					};
				};
			};
			buildConfigurationList = 3B9732E022992E7600E6FECE /* Build configuration list for PBXProject "demo app" */;
			compatibilityVersion = "Xcode 9.3";
			developmentRegion = en;
			hasScannedForEncodings = 0;
			knownRegions = (
				en,
				Base,
			);
			mainGroup = 3B9732DC22992E7600E6FECE;
			productRefGroup = 3B9732E622992E7600E6FECE /* Products */;
			projectDirPath = "";
			projectRoot = "";
			targets = (
				3B9732E422992E7600E6FECE /* demo app */,
				3B9732F822992E7800E6FECE /* demo appTests */,
				3B97330322992E7800E6FECE /* demo appUITests */,
			);
		};
/* End PBXProject section */

/* Begin PBXResourcesBuildPhase section */
		3B9732E322992E7600E6FECE /* Resources */ = {
			isa = PBXResourcesBuildPhase;
			buildActionMask = 2147483647;
			files = (
				3B9732F322992E7700E6FECE /* LaunchScreen.storyboard in Resources */,
				3B9732F022992E7700E6FECE /* Assets.xcassets in Resources */,
				3B9732EE22992E7600E6FECE /* Main.storyboard in Resources */,
			);
			runOnlyForDeploymentPostprocessing = 0;
		};
		3B9732F722992E7800E6FECE /* Resources */ = {
			isa = PBXResourcesBuildPhase;
			buildActionMask = 2147483647;
			files = (
			);
			runOnlyForDeploymentPostprocessing = 0;
		};
		3B97330222992E7800E6FECE /* Resources */ = {
			isa = PBXResourcesBuildPhase;
			buildActionMask = 2147483647;
			files = (
			);
			runOnlyForDeploymentPostprocessing = 0;
		};
/* End PBXResourcesBuildPhase section */

/* Begin PBXSourcesBuildPhase section */
		3B9732E122992E7600E6FECE /* Sources */ = {
			isa = PBXSourcesBuildPhase;
			buildActionMask = 2147483647;
			files = (
				3B9732EB22992E7600E6FECE /* ViewController.swift in Sources */,
				3B9732E922992E7600E6FECE /* AppDelegate.swift in Sources */,
			);
			runOnlyForDeploymentPostprocessing = 0;
		};
		3B9732F522992E7800E6FECE /* Sources */ = {
			isa = PBXSourcesBuildPhase;
			buildActionMask = 2147483647;
			files = (
				3B9732FE22992E7800E6FECE /* demo_appTests.swift in Sources */,
			);
			runOnlyForDeploymentPostprocessing = 0;
		};
		3B97330022992E7800E6FECE /* Sources */ = {
			isa = PBXSourcesBuildPhase;
			buildActionMask = 2147483647;
			files = (
				3B97330922992E7800E6FECE /* demo_appUITests.swift in Sources */,
			);
			runOnlyForDeploymentPostprocessing = 0;
		};
/* End PBXSourcesBuildPhase section */

/* Begin PBXTargetDependency section */
		3B9732FB22992E7800E6FECE /* PBXTargetDependency */ = {
			isa = PBXTargetDependency;
			target = 3B9732E422992E7600E6FECE /* demo app */;
			targetProxy = 3B9732FA22992E7800E6FECE /* PBXContainerItemProxy */;
		};
		3B97330622992E7800E6FECE /* PBXTargetDependency */ = {
			isa = PBXTargetDependency;
			target = 3B9732E422992E7600E6FECE /* demo app */;
			targetProxy = 3B97330522992E7800E6FECE /* PBXContainerItemProxy */;
		};
/* End PBXTargetDependency section */

/* Begin PBXVariantGroup section */
		3B9732EC22992E7600E6FECE /* Main.storyboard */ = {
			isa = PBXVariantGroup;
			children = (
				3B9732ED22992E7600E6FECE /* Base */,
			);
			name = Main.storyboard;
			sourceTree = "<group>";
		};
		3B9732F122992E7700E6FECE /* LaunchScreen.storyboard */ = {
			isa = PBXVariantGroup;
			children = (
				3B9732F222992E7700E6FECE /* Base */,
			);
			name = LaunchScreen.storyboard;
			sourceTree = "<group>";
		};
/* End PBXVariantGroup section */

/* Begin XCBuildConfiguration section */
		3B97330B22992E7800E6FECE /* Debug */ = {
			isa = XCBuildConfiguration;
			buildSettings = {
				ALWAYS_SEARCH_USER_PATHS = NO;
				CLANG_ANALYZER_NONNULL = YES;
				CLANG_ANALYZER_NUMBER_OBJECT_CONVERSION = YES_AGGRESSIVE;
				CLANG_CXX_LANGUAGE_STANDARD = "gnu++14";
				CLANG_CXX_LIBRARY = "libc++";
				CLANG_ENABLE_MODULES = YES;
				CLANG_ENABLE_OBJC_ARC = YES;
				CLANG_ENABLE_OBJC_WEAK = YES;
				CLANG_WARN_BLOCK_CAPTURE_AUTORELEASING = YES;
				CLANG_WARN_BOOL_CONVERSION = YES;
				CLANG_WARN_COMMA = YES;
				CLANG_WARN_CONSTANT_CONVERSION = YES;
				CLANG_WARN_DEPRECATED_OBJC_IMPLEMENTATIONS = YES;
				CLANG_WARN_DIRECT_OBJC_ISA_USAGE = YES_ERROR;
				CLANG_WARN_DOCUMENTATION_COMMENTS = YES;
				CLANG_WARN_EMPTY_BODY = YES;
				CLANG_WARN_ENUM_CONVERSION = YES;
				CLANG_WARN_INFINITE_RECURSION = YES;
				CLANG_WARN_INT_CONVERSION = YES;
				CLANG_WARN_NON_LITERAL_NULL_CONVERSION = YES;
				CLANG_WARN_OBJC_IMPLICIT_RETAIN_SELF = YES;
				CLANG_WARN_OBJC_LITERAL_CONVERSION = YES;
				CLANG_WARN_OBJC_ROOT_CLASS = YES_ERROR;
				CLANG_WARN_RANGE_LOOP_ANALYSIS = YES;
				CLANG_WARN_STRICT_PROTOTYPES = YES;
				CLANG_WARN_SUSPICIOUS_MOVE = YES;
				CLANG_WARN_UNGUARDED_AVAILABILITY = YES_AGGRESSIVE;
				CLANG_WARN_UNREACHABLE_CODE = YES;
				CLANG_WARN__DUPLICATE_METHOD_MATCH = YES;
				CODE_SIGN_IDENTITY = "iPhone Developer";
				COPY_PHASE_STRIP = NO;
				DEBUG_INFORMATION_FORMAT = dwarf;
				ENABLE_STRICT_OBJC_MSGSEND = YES;
				ENABLE_TESTABILITY = YES;
				GCC_C_LANGUAGE_STANDARD = gnu11;
				GCC_DYNAMIC_NO_PIC = NO;
				GCC_NO_COMMON_BLOCKS = YES;
				GCC_OPTIMIZATION_LEVEL = 0;
				GCC_PREPROCESSOR_DEFINITIONS = (
					"DEBUG=1",
					"$(inherited)",
				);
				GCC_WARN_64_TO_32_BIT_CONVERSION = YES;
				GCC_WARN_ABOUT_RETURN_TYPE = YES_ERROR;
				GCC_WARN_UNDECLARED_SELECTOR = YES;
				GCC_WARN_UNINITIALIZED_AUTOS = YES_AGGRESSIVE;
				GCC_WARN_UNUSED_FUNCTION = YES;
				GCC_WARN_UNUSED_VARIABLE = YES;
				IPHONEOS_DEPLOYMENT_TARGET = 12.2;
				MTL_ENABLE_DEBUG_INFO = INCLUDE_SOURCE;
				MTL_FAST_MATH = YES;
				ONLY_ACTIVE_ARCH = YES;
				SDKROOT = iphoneos;
				SWIFT_ACTIVE_COMPILATION_CONDITIONS = DEBUG;
				SWIFT_OPTIMIZATION_LEVEL = "-Onone";
			};
			name = Debug;
		};
		3B97330C22992E7800E6FECE /* Release */ = {
			isa = XCBuildConfiguration;
			buildSettings = {
				ALWAYS_SEARCH_USER_PATHS = NO;
				CLANG_ANALYZER_NONNULL = YES;
				CLANG_ANALYZER_NUMBER_OBJECT_CONVERSION = YES_AGGRESSIVE;
				CLANG_CXX_LANGUAGE_STANDARD = "gnu++14";
				CLANG_CXX_LIBRARY = "libc++";
				CLANG_ENABLE_MODULES = YES;
				CLANG_ENABLE_OBJC_ARC = YES;
				CLANG_ENABLE_OBJC_WEAK = YES;
				CLANG_WARN_BLOCK_CAPTURE_AUTORELEASING = YES;
				CLANG_WARN_BOOL_CONVERSION = YES;
				CLANG_WARN_COMMA = YES;
				CLANG_WARN_CONSTANT_CONVERSION = YES;
				CLANG_WARN_DEPRECATED_OBJC_IMPLEMENTATIONS = YES;
				CLANG_WARN_DIRECT_OBJC_ISA_USAGE = YES_ERROR;
				CLANG_WARN_DOCUMENTATION_COMMENTS = YES;
				CLANG_WARN_EMPTY_BODY = YES;
				CLANG_WARN_ENUM_CONVERSION = YES;
				CLANG_WARN_INFINITE_RECURSION = YES;
				CLANG_WARN_INT_CONVERSION = YES;
				CLANG_WARN_NON_LITERAL_NULL_CONVERSION = YES;
				CLANG_WARN_OBJC_IMPLICIT_RETAIN_SELF = YES;
				CLANG_WARN_OBJC_LITERAL_CONVERSION = YES;
				CLANG_WARN_OBJC_ROOT_CLASS = YES_ERROR;
				CLANG_WARN_RANGE_LOOP_ANALYSIS = YES;
				CLANG_WARN_STRICT_PROTOTYPES = YES;
				CLANG_WARN_SUSPICIOUS_MOVE = YES;
				CLANG_WARN_UNGUARDED_AVAILABILITY = YES_AGGRESSIVE;
				CLANG_WARN_UNREACHABLE_CODE = YES;
				CLANG_WARN__DUPLICATE_METHOD_MATCH = YES;
				CODE_SIGN_IDENTITY = "iPhone Developer";
				COPY_PHASE_STRIP = NO;
				DEBUG_INFORMATION_FORMAT = "dwarf-with-dsym";
				ENABLE_NS_ASSERTIONS = NO;
				ENABLE_STRICT_OBJC_MSGSEND = YES;
				GCC_C_LANGUAGE_STANDARD = gnu11;
				GCC_NO_COMMON_BLOCKS = YES;
				GCC_WARN_64_TO_32_BIT_CONVERSION = YES;
				GCC_WARN_ABOUT_RETURN_TYPE = YES_ERROR;
				GCC_WARN_UNDECLARED_SELECTOR = YES;
				GCC_WARN_UNINITIALIZED_AUTOS = YES_AGGRESSIVE;
				GCC_WARN_UNUSED_FUNCTION = YES;
				GCC_WARN_UNUSED_VARIABLE = YES;
				IPHONEOS_DEPLOYMENT_TARGET = 12.2;
				MTL_ENABLE_DEBUG_INFO = NO;
				MTL_FAST_MATH = YES;
				SDKROOT = iphoneos;
				SWIFT_COMPILATION_MODE = wholemodule;
				SWIFT_OPTIMIZATION_LEVEL = "-O";
				VALIDATE_PRODUCT = YES;
			};
			name = Release;
		};
		3B97330E22992E7800E6FECE /* Debug */ = {
			isa = XCBuildConfiguration;
			buildSettings = {
				ASSETCATALOG_COMPILER_APPICON_NAME = AppIcon;
				CODE_SIGN_ENTITLEMENTS = "demo app/demo app.entitlements";
				CODE_SIGN_IDENTITY = "iPhone Distribution";
				CODE_SIGN_STYLE = Manual;
				DEVELOPMENT_TEAM = 9KBH5RKYEW;
				INFOPLIST_FILE = "demo app/Info.plist";
				LD_RUNPATH_SEARCH_PATHS = (
					"$(inherited)",
					"@executable_path/Frameworks",
				);
				PRODUCT_BUNDLE_IDENTIFIER = "com.microsoft.defenderPoC-df";
				PRODUCT_NAME = "$(TARGET_NAME)";
				PROVISIONING_PROFILE_SPECIFIER = "PoC Defender Dogfood Distribution";
				SWIFT_VERSION = 5.0;
				TARGETED_DEVICE_FAMILY = "1,2";
			};
			name = Debug;
		};
		3B97330F22992E7800E6FECE /* Release */ = {
			isa = XCBuildConfiguration;
			buildSettings = {
				ASSETCATALOG_COMPILER_APPICON_NAME = AppIcon;
				CODE_SIGN_ENTITLEMENTS = "demo app/demo app.entitlements";
				CODE_SIGN_IDENTITY = "iPhone Distribution";
				CODE_SIGN_STYLE = Manual;
				DEVELOPMENT_TEAM = 9KBH5RKYEW;
				INFOPLIST_FILE = "demo app/Info.plist";
				LD_RUNPATH_SEARCH_PATHS = (
					"$(inherited)",
					"@executable_path/Frameworks",
				);
				PRODUCT_BUNDLE_IDENTIFIER = "com.microsoft.defenderPoC-df";
				PRODUCT_NAME = "$(TARGET_NAME)";
				PROVISIONING_PROFILE_SPECIFIER = "PoC Defender Dogfood Distribution";
				SWIFT_VERSION = 5.0;
				TARGETED_DEVICE_FAMILY = "1,2";
			};
			name = Release;
		};
		3B97331122992E7800E6FECE /* Debug */ = {
			isa = XCBuildConfiguration;
			buildSettings = {
				ALWAYS_EMBED_SWIFT_STANDARD_LIBRARIES = YES;
				BUNDLE_LOADER = "$(TEST_HOST)";
				CODE_SIGN_STYLE = Automatic;
				INFOPLIST_FILE = "demo appTests/Info.plist";
				LD_RUNPATH_SEARCH_PATHS = (
					"$(inherited)",
					"@executable_path/Frameworks",
					"@loader_path/Frameworks",
				);
				PRODUCT_BUNDLE_IDENTIFIER = "apple.demo-appTests";
				PRODUCT_NAME = "$(TARGET_NAME)";
				SWIFT_VERSION = 5.0;
				TARGETED_DEVICE_FAMILY = "1,2";
				TEST_HOST = "$(BUILT_PRODUCTS_DIR)/demo app.app/demo app";
			};
			name = Debug;
		};
		3B97331222992E7800E6FECE /* Release */ = {
			isa = XCBuildConfiguration;
			buildSettings = {
				ALWAYS_EMBED_SWIFT_STANDARD_LIBRARIES = YES;
				BUNDLE_LOADER = "$(TEST_HOST)";
				CODE_SIGN_STYLE = Automatic;
				INFOPLIST_FILE = "demo appTests/Info.plist";
				LD_RUNPATH_SEARCH_PATHS = (
					"$(inherited)",
					"@executable_path/Frameworks",
					"@loader_path/Frameworks",
				);
				PRODUCT_BUNDLE_IDENTIFIER = "apple.demo-appTests";
				PRODUCT_NAME = "$(TARGET_NAME)";
				SWIFT_VERSION = 5.0;
				TARGETED_DEVICE_FAMILY = "1,2";
				TEST_HOST = "$(BUILT_PRODUCTS_DIR)/demo app.app/demo app";
			};
			name = Release;
		};
		3B97331422992E7800E6FECE /* Debug */ = {
			isa = XCBuildConfiguration;
			buildSettings = {
				ALWAYS_EMBED_SWIFT_STANDARD_LIBRARIES = YES;
				CODE_SIGN_STYLE = Automatic;
				INFOPLIST_FILE = "demo appUITests/Info.plist";
				LD_RUNPATH_SEARCH_PATHS = (
					"$(inherited)",
					"@executable_path/Frameworks",
					"@loader_path/Frameworks",
				);
				PRODUCT_BUNDLE_IDENTIFIER = "apple.demo-appUITests";
				PRODUCT_NAME = "$(TARGET_NAME)";
				SWIFT_VERSION = 5.0;
				TARGETED_DEVICE_FAMILY = "1,2";
				TEST_TARGET_NAME = "demo app";
			};
			name = Debug;
		};
		3B97331522992E7800E6FECE /* Release */ = {
			isa = XCBuildConfiguration;
			buildSettings = {
				ALWAYS_EMBED_SWIFT_STANDARD_LIBRARIES = YES;
				CODE_SIGN_STYLE = Automatic;
				INFOPLIST_FILE = "demo appUITests/Info.plist";
				LD_RUNPATH_SEARCH_PATHS = (
					"$(inherited)",
					"@executable_path/Frameworks",
					"@loader_path/Frameworks",
				);
				PRODUCT_BUNDLE_IDENTIFIER = "apple.demo-appUITests";
				PRODUCT_NAME = "$(TARGET_NAME)";
				SWIFT_VERSION = 5.0;
				TARGETED_DEVICE_FAMILY = "1,2";
				TEST_TARGET_NAME = "demo app";
			};
			name = Release;
		};
/* End XCBuildConfiguration section */

/* Begin XCConfigurationList section */
		3B9732E022992E7600E6FECE /* Build configuration list for PBXProject "demo app" */ = {
			isa = XCConfigurationList;
			buildConfigurations = (
				3B97330B22992E7800E6FECE /* Debug */,
				3B97330C22992E7800E6FECE /* Release */,
			);
			defaultConfigurationIsVisible = 0;
			defaultConfigurationName = Release;
		};
		3B97330D22992E7800E6FECE /* Build configuration list for PBXNativeTarget "demo app" */ = {
			isa = XCConfigurationList;
			buildConfigurations = (
				3B97330E22992E7800E6FECE /* Debug */,
				3B97330F22992E7800E6FECE /* Release */,
			);
			defaultConfigurationIsVisible = 0;
			defaultConfigurationName = Release;
		};
		3B97331022992E7800E6FECE /* Build configuration list for PBXNativeTarget "demo appTests" */ = {
			isa = XCConfigurationList;
			buildConfigurations = (
				3B97331122992E7800E6FECE /* Debug */,
				3B97331222992E7800E6FECE /* Release */,
			);
			defaultConfigurationIsVisible = 0;
			defaultConfigurationName = Release;
		};
		3B97331322992E7800E6FECE /* Build configuration list for PBXNativeTarget "demo appUITests" */ = {
			isa = XCConfigurationList;
			buildConfigurations = (
				3B97331422992E7800E6FECE /* Debug */,
				3B97331522992E7800E6FECE /* Release */,
			);
			defaultConfigurationIsVisible = 0;
			defaultConfigurationName = Release;
		};
/* End XCConfigurationList section */
	};
	rootObject = 3B9732DD22992E7600E6FECE /* Project object */;
}
